// !$*UTF8*$!
{
	archiveVersion = 1;
	classes = {
	};
	objectVersion = 56;
	objects = {

/* Begin PBXBuildFile section */
		0037BA7F2B3D92E500000BAB /* Beverages.swift in Sources */ = {isa = PBXBuildFile; fileRef = 0037BA7D2B3D92E500000BAB /* Beverages.swift */; };
		0037BA802B3D92E500000BAB /* Beverages.xib in Resources */ = {isa = PBXBuildFile; fileRef = 0037BA7E2B3D92E500000BAB /* Beverages.xib */; };
		008274892B3BB9DE0070C53D /* AppDelegate.swift in Sources */ = {isa = PBXBuildFile; fileRef = 008274882B3BB9DE0070C53D /* AppDelegate.swift */; };
		0082748B2B3BB9DE0070C53D /* SceneDelegate.swift in Sources */ = {isa = PBXBuildFile; fileRef = 0082748A2B3BB9DE0070C53D /* SceneDelegate.swift */; };
		0082748D2B3BB9DE0070C53D /* ViewController.swift in Sources */ = {isa = PBXBuildFile; fileRef = 0082748C2B3BB9DE0070C53D /* ViewController.swift */; };
		008274902B3BB9DE0070C53D /* Main.storyboard in Resources */ = {isa = PBXBuildFile; fileRef = 0082748E2B3BB9DE0070C53D /* Main.storyboard */; };
		008274922B3BB9DF0070C53D /* Assets.xcassets in Resources */ = {isa = PBXBuildFile; fileRef = 008274912B3BB9DF0070C53D /* Assets.xcassets */; };
		008274952B3BB9DF0070C53D /* LaunchScreen.storyboard in Resources */ = {isa = PBXBuildFile; fileRef = 008274932B3BB9DF0070C53D /* LaunchScreen.storyboard */; };
		00B95C412B3D3F37007C7BA7 /* BurgerMenu.swift in Sources */ = {isa = PBXBuildFile; fileRef = 00B95C3F2B3D3F37007C7BA7 /* BurgerMenu.swift */; };
		00B95C422B3D3F37007C7BA7 /* BurgerMenu.xib in Resources */ = {isa = PBXBuildFile; fileRef = 00B95C402B3D3F37007C7BA7 /* BurgerMenu.xib */; };
		00F969F32B3D66AB00E59F97 /* SideMenu.swift in Sources */ = {isa = PBXBuildFile; fileRef = 00F969F12B3D66AB00E59F97 /* SideMenu.swift */; };
		00F969F42B3D66AB00E59F97 /* SideMenu.xib in Resources */ = {isa = PBXBuildFile; fileRef = 00F969F22B3D66AB00E59F97 /* SideMenu.xib */; };
		2E584D792B422A1E0027172E /* OrderListStruct.swift in Sources */ = {isa = PBXBuildFile; fileRef = 2E584D782B422A1E0027172E /* OrderListStruct.swift */; };
		2E584D862B422F990027172E /* OrderListTableViewCell.swift in Sources */ = {isa = PBXBuildFile; fileRef = 2E584D842B422F990027172E /* OrderListTableViewCell.swift */; };
		2E584D8B2B42355C0027172E /* DataList.swift in Sources */ = {isa = PBXBuildFile; fileRef = 2E584D8A2B42355C0027172E /* DataList.swift */; };
		2E584D932B4295360027172E /* OrderListTableViewCell.xib in Resources */ = {isa = PBXBuildFile; fileRef = 2E584D922B4295360027172E /* OrderListTableViewCell.xib */; };
		6B63CFC02B3EFD7F00FE898B /* ButtonUIView.xib in Resources */ = {isa = PBXBuildFile; fileRef = 6B63CFBE2B3EFD7F00FE898B /* ButtonUIView.xib */; };
		6B63CFC12B3EFD7F00FE898B /* ButtonUIView.swift in Sources */ = {isa = PBXBuildFile; fileRef = 6B63CFBF2B3EFD7F00FE898B /* ButtonUIView.swift */; };
		6BDDA5182B3E667F00E65BB4 /* CategoryStackView.swift in Sources */ = {isa = PBXBuildFile; fileRef = 6BDDA5162B3E667F00E65BB4 /* CategoryStackView.swift */; };
		6BDDA5192B3E667F00E65BB4 /* CategoryStackView.xib in Resources */ = {isa = PBXBuildFile; fileRef = 6BDDA5172B3E667F00E65BB4 /* CategoryStackView.xib */; };
/* End PBXBuildFile section */

/* Begin PBXFileReference section */
		0037BA7D2B3D92E500000BAB /* Beverages.swift */ = {isa = PBXFileReference; lastKnownFileType = sourcecode.swift; path = Beverages.swift; sourceTree = "<group>"; };
		0037BA7E2B3D92E500000BAB /* Beverages.xib */ = {isa = PBXFileReference; lastKnownFileType = file.xib; path = Beverages.xib; sourceTree = "<group>"; };
		008274852B3BB9DE0070C53D /* Kiosk.app */ = {isa = PBXFileReference; explicitFileType = wrapper.application; includeInIndex = 0; path = Kiosk.app; sourceTree = BUILT_PRODUCTS_DIR; };
		008274882B3BB9DE0070C53D /* AppDelegate.swift */ = {isa = PBXFileReference; lastKnownFileType = sourcecode.swift; path = AppDelegate.swift; sourceTree = "<group>"; };
		0082748A2B3BB9DE0070C53D /* SceneDelegate.swift */ = {isa = PBXFileReference; lastKnownFileType = sourcecode.swift; path = SceneDelegate.swift; sourceTree = "<group>"; };
		0082748C2B3BB9DE0070C53D /* ViewController.swift */ = {isa = PBXFileReference; lastKnownFileType = sourcecode.swift; path = ViewController.swift; sourceTree = "<group>"; };
		0082748F2B3BB9DE0070C53D /* Base */ = {isa = PBXFileReference; lastKnownFileType = file.storyboard; name = Base; path = Base.lproj/Main.storyboard; sourceTree = "<group>"; };
		008274912B3BB9DF0070C53D /* Assets.xcassets */ = {isa = PBXFileReference; lastKnownFileType = folder.assetcatalog; path = Assets.xcassets; sourceTree = "<group>"; };
		008274942B3BB9DF0070C53D /* Base */ = {isa = PBXFileReference; lastKnownFileType = file.storyboard; name = Base; path = Base.lproj/LaunchScreen.storyboard; sourceTree = "<group>"; };
		008274962B3BB9DF0070C53D /* Info.plist */ = {isa = PBXFileReference; lastKnownFileType = text.plist.xml; path = Info.plist; sourceTree = "<group>"; };
		00B95C3F2B3D3F37007C7BA7 /* BurgerMenu.swift */ = {isa = PBXFileReference; lastKnownFileType = sourcecode.swift; path = BurgerMenu.swift; sourceTree = "<group>"; };
		00B95C402B3D3F37007C7BA7 /* BurgerMenu.xib */ = {isa = PBXFileReference; lastKnownFileType = file.xib; path = BurgerMenu.xib; sourceTree = "<group>"; };
		00F969F12B3D66AB00E59F97 /* SideMenu.swift */ = {isa = PBXFileReference; lastKnownFileType = sourcecode.swift; path = SideMenu.swift; sourceTree = "<group>"; };
		00F969F22B3D66AB00E59F97 /* SideMenu.xib */ = {isa = PBXFileReference; lastKnownFileType = file.xib; path = SideMenu.xib; sourceTree = "<group>"; };
		2E584D782B422A1E0027172E /* OrderListStruct.swift */ = {isa = PBXFileReference; lastKnownFileType = sourcecode.swift; path = OrderListStruct.swift; sourceTree = "<group>"; };
		2E584D842B422F990027172E /* OrderListTableViewCell.swift */ = {isa = PBXFileReference; lastKnownFileType = sourcecode.swift; path = OrderListTableViewCell.swift; sourceTree = "<group>"; };
		2E584D8A2B42355C0027172E /* DataList.swift */ = {isa = PBXFileReference; lastKnownFileType = sourcecode.swift; path = DataList.swift; sourceTree = "<group>"; };
		2E584D922B4295360027172E /* OrderListTableViewCell.xib */ = {isa = PBXFileReference; fileEncoding = 4; lastKnownFileType = file.xib; path = OrderListTableViewCell.xib; sourceTree = "<group>"; };
		6B63CFBE2B3EFD7F00FE898B /* ButtonUIView.xib */ = {isa = PBXFileReference; fileEncoding = 4; lastKnownFileType = file.xib; path = ButtonUIView.xib; sourceTree = "<group>"; };
		6B63CFBF2B3EFD7F00FE898B /* ButtonUIView.swift */ = {isa = PBXFileReference; fileEncoding = 4; lastKnownFileType = sourcecode.swift; path = ButtonUIView.swift; sourceTree = "<group>"; };
		6BDDA5162B3E667F00E65BB4 /* CategoryStackView.swift */ = {isa = PBXFileReference; fileEncoding = 4; lastKnownFileType = sourcecode.swift; path = CategoryStackView.swift; sourceTree = "<group>"; };
		6BDDA5172B3E667F00E65BB4 /* CategoryStackView.xib */ = {isa = PBXFileReference; fileEncoding = 4; lastKnownFileType = file.xib; path = CategoryStackView.xib; sourceTree = "<group>"; };
/* End PBXFileReference section */

/* Begin PBXFrameworksBuildPhase section */
		008274822B3BB9DE0070C53D /* Frameworks */ = {
			isa = PBXFrameworksBuildPhase;
			buildActionMask = 2147483647;
			files = (
			);
			runOnlyForDeploymentPostprocessing = 0;
		};
/* End PBXFrameworksBuildPhase section */

/* Begin PBXGroup section */
		0003EAFC2B3EC6AB00EA5390 /* MenuList */ = {
			isa = PBXGroup;
			children = (
				00B95C3E2B3D3F05007C7BA7 /* Menu */,
				00F969F02B3D667A00E59F97 /* SideMenu */,
				0037BA7C2B3D92D000000BAB /* Beverages */,
			);
			path = MenuList;
			sourceTree = "<group>";
		};
		0037BA7C2B3D92D000000BAB /* Beverages */ = {
			isa = PBXGroup;
			children = (
				0037BA7D2B3D92E500000BAB /* Beverages.swift */,
				0037BA7E2B3D92E500000BAB /* Beverages.xib */,
			);
			path = Beverages;
			sourceTree = "<group>";
		};
		0082747C2B3BB9DE0070C53D = {
			isa = PBXGroup;
			children = (
				008274872B3BB9DE0070C53D /* Kiosk */,
				008274862B3BB9DE0070C53D /* Products */,
			);
			sourceTree = "<group>";
		};
		008274862B3BB9DE0070C53D /* Products */ = {
			isa = PBXGroup;
			children = (
				008274852B3BB9DE0070C53D /* Kiosk.app */,
			);
			name = Products;
			sourceTree = "<group>";
		};
		008274872B3BB9DE0070C53D /* Kiosk */ = {
			isa = PBXGroup;
			children = (
				2E584D742B42292E0027172E /* OrderList */,
				6B63CFBD2B3EFD7F00FE898B /* Button */,
				0003EAFC2B3EC6AB00EA5390 /* MenuList */,
				6BDDA5152B3E667F00E65BB4 /* Category */,
				0082748A2B3BB9DE0070C53D /* SceneDelegate.swift */,
				008274882B3BB9DE0070C53D /* AppDelegate.swift */,
				0082748C2B3BB9DE0070C53D /* ViewController.swift */,
				0082748E2B3BB9DE0070C53D /* Main.storyboard */,
				008274912B3BB9DF0070C53D /* Assets.xcassets */,
				008274932B3BB9DF0070C53D /* LaunchScreen.storyboard */,
				008274962B3BB9DF0070C53D /* Info.plist */,
			);
			path = Kiosk;
			sourceTree = "<group>";
		};
		00B95C3E2B3D3F05007C7BA7 /* Menu */ = {
			isa = PBXGroup;
			children = (
				00B95C3F2B3D3F37007C7BA7 /* BurgerMenu.swift */,
				00B95C402B3D3F37007C7BA7 /* BurgerMenu.xib */,
			);
			path = Menu;
			sourceTree = "<group>";
		};
		00F969F02B3D667A00E59F97 /* SideMenu */ = {
			isa = PBXGroup;
			children = (
				00F969F12B3D66AB00E59F97 /* SideMenu.swift */,
				00F969F22B3D66AB00E59F97 /* SideMenu.xib */,
			);
			path = SideMenu;
			sourceTree = "<group>";
		};
		2E584D742B42292E0027172E /* OrderList */ = {
			isa = PBXGroup;
			children = (
				2E584D752B4229580027172E /* Model */,
				2E584D762B4229700027172E /* Views */,
				2E584D772B42297A0027172E /* Xibs */,
			);
			path = OrderList;
			sourceTree = "<group>";
		};
		2E584D752B4229580027172E /* Model */ = {
			isa = PBXGroup;
			children = (
				2E584D782B422A1E0027172E /* OrderListStruct.swift */,
				2E584D8A2B42355C0027172E /* DataList.swift */,
			);
			path = Model;
			sourceTree = "<group>";
		};
		2E584D762B4229700027172E /* Views */ = {
			isa = PBXGroup;
			children = (
				2E584D842B422F990027172E /* OrderListTableViewCell.swift */,
			);
			path = Views;
			sourceTree = "<group>";
		};
		2E584D772B42297A0027172E /* Xibs */ = {
			isa = PBXGroup;
			children = (
				2E584D922B4295360027172E /* OrderListTableViewCell.xib */,
			);
			path = Xibs;
			sourceTree = "<group>";
		};
		6B63CFBD2B3EFD7F00FE898B /* Button */ = {
			isa = PBXGroup;
			children = (
				6B63CFBE2B3EFD7F00FE898B /* ButtonUIView.xib */,
				6B63CFBF2B3EFD7F00FE898B /* ButtonUIView.swift */,
			);
			path = Button;
			sourceTree = "<group>";
		};
		6BDDA5152B3E667F00E65BB4 /* Category */ = {
			isa = PBXGroup;
			children = (
				6BDDA5162B3E667F00E65BB4 /* CategoryStackView.swift */,
				6BDDA5172B3E667F00E65BB4 /* CategoryStackView.xib */,
			);
			path = Category;
			sourceTree = "<group>";
		};
/* End PBXGroup section */

/* Begin PBXNativeTarget section */
		008274842B3BB9DE0070C53D /* Kiosk */ = {
			isa = PBXNativeTarget;
			buildConfigurationList = 008274992B3BB9DF0070C53D /* Build configuration list for PBXNativeTarget "Kiosk" */;
			buildPhases = (
				008274812B3BB9DE0070C53D /* Sources */,
				008274822B3BB9DE0070C53D /* Frameworks */,
				008274832B3BB9DE0070C53D /* Resources */,
			);
			buildRules = (
			);
			dependencies = (
			);
			name = Kiosk;
			productName = Kiosk;
			productReference = 008274852B3BB9DE0070C53D /* Kiosk.app */;
			productType = "com.apple.product-type.application";
		};
/* End PBXNativeTarget section */

/* Begin PBXProject section */
		0082747D2B3BB9DE0070C53D /* Project object */ = {
			isa = PBXProject;
			attributes = {
				BuildIndependentTargetsInParallel = 1;
				LastSwiftUpdateCheck = 1500;
				LastUpgradeCheck = 1500;
				TargetAttributes = {
					008274842B3BB9DE0070C53D = {
						CreatedOnToolsVersion = 15.0.1;
					};
				};
			};
			buildConfigurationList = 008274802B3BB9DE0070C53D /* Build configuration list for PBXProject "Kiosk" */;
			compatibilityVersion = "Xcode 14.0";
			developmentRegion = en;
			hasScannedForEncodings = 0;
			knownRegions = (
				en,
				Base,
			);
			mainGroup = 0082747C2B3BB9DE0070C53D;
			productRefGroup = 008274862B3BB9DE0070C53D /* Products */;
			projectDirPath = "";
			projectRoot = "";
			targets = (
				008274842B3BB9DE0070C53D /* Kiosk */,
			);
		};
/* End PBXProject section */

/* Begin PBXResourcesBuildPhase section */
		008274832B3BB9DE0070C53D /* Resources */ = {
			isa = PBXResourcesBuildPhase;
			buildActionMask = 2147483647;
			files = (
				0037BA802B3D92E500000BAB /* Beverages.xib in Resources */,
				00B95C422B3D3F37007C7BA7 /* BurgerMenu.xib in Resources */,
				008274952B3BB9DF0070C53D /* LaunchScreen.storyboard in Resources */,
				6BDDA5192B3E667F00E65BB4 /* CategoryStackView.xib in Resources */,
				2E584D932B4295360027172E /* OrderListTableViewCell.xib in Resources */,
				00F969F42B3D66AB00E59F97 /* SideMenu.xib in Resources */,
				008274922B3BB9DF0070C53D /* Assets.xcassets in Resources */,
				6B63CFC02B3EFD7F00FE898B /* ButtonUIView.xib in Resources */,
				008274902B3BB9DE0070C53D /* Main.storyboard in Resources */,
			);
			runOnlyForDeploymentPostprocessing = 0;
		};
/* End PBXResourcesBuildPhase section */

/* Begin PBXSourcesBuildPhase section */
		008274812B3BB9DE0070C53D /* Sources */ = {
			isa = PBXSourcesBuildPhase;
			buildActionMask = 2147483647;
			files = (
				2E584D792B422A1E0027172E /* OrderListStruct.swift in Sources */,
				0037BA7F2B3D92E500000BAB /* Beverages.swift in Sources */,
				2E584D862B422F990027172E /* OrderListTableViewCell.swift in Sources */,
				00B95C412B3D3F37007C7BA7 /* BurgerMenu.swift in Sources */,
				2E584D8B2B42355C0027172E /* DataList.swift in Sources */,
				6B63CFC12B3EFD7F00FE898B /* ButtonUIView.swift in Sources */,
				6BDDA5182B3E667F00E65BB4 /* CategoryStackView.swift in Sources */,
				0082748D2B3BB9DE0070C53D /* ViewController.swift in Sources */,
				00F969F32B3D66AB00E59F97 /* SideMenu.swift in Sources */,
				008274892B3BB9DE0070C53D /* AppDelegate.swift in Sources */,
				0082748B2B3BB9DE0070C53D /* SceneDelegate.swift in Sources */,
			);
			runOnlyForDeploymentPostprocessing = 0;
		};
/* End PBXSourcesBuildPhase section */

/* Begin PBXVariantGroup section */
		0082748E2B3BB9DE0070C53D /* Main.storyboard */ = {
			isa = PBXVariantGroup;
			children = (
				0082748F2B3BB9DE0070C53D /* Base */,
			);
			name = Main.storyboard;
			sourceTree = "<group>";
		};
		008274932B3BB9DF0070C53D /* LaunchScreen.storyboard */ = {
			isa = PBXVariantGroup;
			children = (
				008274942B3BB9DF0070C53D /* Base */,
			);
			name = LaunchScreen.storyboard;
			sourceTree = "<group>";
		};
/* End PBXVariantGroup section */

/* Begin XCBuildConfiguration section */
		008274972B3BB9DF0070C53D /* Debug */ = {
			isa = XCBuildConfiguration;
			buildSettings = {
				ALWAYS_SEARCH_USER_PATHS = NO;
				ASSETCATALOG_COMPILER_GENERATE_SWIFT_ASSET_SYMBOL_EXTENSIONS = YES;
				CLANG_ANALYZER_NONNULL = YES;
				CLANG_ANALYZER_NUMBER_OBJECT_CONVERSION = YES_AGGRESSIVE;
				CLANG_CXX_LANGUAGE_STANDARD = "gnu++20";
				CLANG_ENABLE_MODULES = YES;
				CLANG_ENABLE_OBJC_ARC = YES;
				CLANG_ENABLE_OBJC_WEAK = YES;
				CLANG_WARN_BLOCK_CAPTURE_AUTORELEASING = YES;
				CLANG_WARN_BOOL_CONVERSION = YES;
				CLANG_WARN_COMMA = YES;
				CLANG_WARN_CONSTANT_CONVERSION = YES;
				CLANG_WARN_DEPRECATED_OBJC_IMPLEMENTATIONS = YES;
				CLANG_WARN_DIRECT_OBJC_ISA_USAGE = YES_ERROR;
				CLANG_WARN_DOCUMENTATION_COMMENTS = YES;
				CLANG_WARN_EMPTY_BODY = YES;
				CLANG_WARN_ENUM_CONVERSION = YES;
				CLANG_WARN_INFINITE_RECURSION = YES;
				CLANG_WARN_INT_CONVERSION = YES;
				CLANG_WARN_NON_LITERAL_NULL_CONVERSION = YES;
				CLANG_WARN_OBJC_IMPLICIT_RETAIN_SELF = YES;
				CLANG_WARN_OBJC_LITERAL_CONVERSION = YES;
				CLANG_WARN_OBJC_ROOT_CLASS = YES_ERROR;
				CLANG_WARN_QUOTED_INCLUDE_IN_FRAMEWORK_HEADER = YES;
				CLANG_WARN_RANGE_LOOP_ANALYSIS = YES;
				CLANG_WARN_STRICT_PROTOTYPES = YES;
				CLANG_WARN_SUSPICIOUS_MOVE = YES;
				CLANG_WARN_UNGUARDED_AVAILABILITY = YES_AGGRESSIVE;
				CLANG_WARN_UNREACHABLE_CODE = YES;
				CLANG_WARN__DUPLICATE_METHOD_MATCH = YES;
				COPY_PHASE_STRIP = NO;
				DEBUG_INFORMATION_FORMAT = dwarf;
				ENABLE_STRICT_OBJC_MSGSEND = YES;
				ENABLE_TESTABILITY = YES;
				ENABLE_USER_SCRIPT_SANDBOXING = YES;
				GCC_C_LANGUAGE_STANDARD = gnu17;
				GCC_DYNAMIC_NO_PIC = NO;
				GCC_NO_COMMON_BLOCKS = YES;
				GCC_OPTIMIZATION_LEVEL = 0;
				GCC_PREPROCESSOR_DEFINITIONS = (
					"DEBUG=1",
					"$(inherited)",
				);
				GCC_WARN_64_TO_32_BIT_CONVERSION = YES;
				GCC_WARN_ABOUT_RETURN_TYPE = YES_ERROR;
				GCC_WARN_UNDECLARED_SELECTOR = YES;
				GCC_WARN_UNINITIALIZED_AUTOS = YES_AGGRESSIVE;
				GCC_WARN_UNUSED_FUNCTION = YES;
				GCC_WARN_UNUSED_VARIABLE = YES;
				IPHONEOS_DEPLOYMENT_TARGET = 17.0;
				LOCALIZATION_PREFERS_STRING_CATALOGS = YES;
				MTL_ENABLE_DEBUG_INFO = INCLUDE_SOURCE;
				MTL_FAST_MATH = YES;
				ONLY_ACTIVE_ARCH = YES;
				SDKROOT = iphoneos;
				SWIFT_ACTIVE_COMPILATION_CONDITIONS = "DEBUG $(inherited)";
				SWIFT_OPTIMIZATION_LEVEL = "-Onone";
			};
			name = Debug;
		};
		008274982B3BB9DF0070C53D /* Release */ = {
			isa = XCBuildConfiguration;
			buildSettings = {
				ALWAYS_SEARCH_USER_PATHS = NO;
				ASSETCATALOG_COMPILER_GENERATE_SWIFT_ASSET_SYMBOL_EXTENSIONS = YES;
				CLANG_ANALYZER_NONNULL = YES;
				CLANG_ANALYZER_NUMBER_OBJECT_CONVERSION = YES_AGGRESSIVE;
				CLANG_CXX_LANGUAGE_STANDARD = "gnu++20";
				CLANG_ENABLE_MODULES = YES;
				CLANG_ENABLE_OBJC_ARC = YES;
				CLANG_ENABLE_OBJC_WEAK = YES;
				CLANG_WARN_BLOCK_CAPTURE_AUTORELEASING = YES;
				CLANG_WARN_BOOL_CONVERSION = YES;
				CLANG_WARN_COMMA = YES;
				CLANG_WARN_CONSTANT_CONVERSION = YES;
				CLANG_WARN_DEPRECATED_OBJC_IMPLEMENTATIONS = YES;
				CLANG_WARN_DIRECT_OBJC_ISA_USAGE = YES_ERROR;
				CLANG_WARN_DOCUMENTATION_COMMENTS = YES;
				CLANG_WARN_EMPTY_BODY = YES;
				CLANG_WARN_ENUM_CONVERSION = YES;
				CLANG_WARN_INFINITE_RECURSION = YES;
				CLANG_WARN_INT_CONVERSION = YES;
				CLANG_WARN_NON_LITERAL_NULL_CONVERSION = YES;
				CLANG_WARN_OBJC_IMPLICIT_RETAIN_SELF = YES;
				CLANG_WARN_OBJC_LITERAL_CONVERSION = YES;
				CLANG_WARN_OBJC_ROOT_CLASS = YES_ERROR;
				CLANG_WARN_QUOTED_INCLUDE_IN_FRAMEWORK_HEADER = YES;
				CLANG_WARN_RANGE_LOOP_ANALYSIS = YES;
				CLANG_WARN_STRICT_PROTOTYPES = YES;
				CLANG_WARN_SUSPICIOUS_MOVE = YES;
				CLANG_WARN_UNGUARDED_AVAILABILITY = YES_AGGRESSIVE;
				CLANG_WARN_UNREACHABLE_CODE = YES;
				CLANG_WARN__DUPLICATE_METHOD_MATCH = YES;
				COPY_PHASE_STRIP = NO;
				DEBUG_INFORMATION_FORMAT = "dwarf-with-dsym";
				ENABLE_NS_ASSERTIONS = NO;
				ENABLE_STRICT_OBJC_MSGSEND = YES;
				ENABLE_USER_SCRIPT_SANDBOXING = YES;
				GCC_C_LANGUAGE_STANDARD = gnu17;
				GCC_NO_COMMON_BLOCKS = YES;
				GCC_WARN_64_TO_32_BIT_CONVERSION = YES;
				GCC_WARN_ABOUT_RETURN_TYPE = YES_ERROR;
				GCC_WARN_UNDECLARED_SELECTOR = YES;
				GCC_WARN_UNINITIALIZED_AUTOS = YES_AGGRESSIVE;
				GCC_WARN_UNUSED_FUNCTION = YES;
				GCC_WARN_UNUSED_VARIABLE = YES;
				IPHONEOS_DEPLOYMENT_TARGET = 17.0;
				LOCALIZATION_PREFERS_STRING_CATALOGS = YES;
				MTL_ENABLE_DEBUG_INFO = NO;
				MTL_FAST_MATH = YES;
				SDKROOT = iphoneos;
				SWIFT_COMPILATION_MODE = wholemodule;
				VALIDATE_PRODUCT = YES;
			};
			name = Release;
		};
		0082749A2B3BB9DF0070C53D /* Debug */ = {
			isa = XCBuildConfiguration;
			buildSettings = {
				ASSETCATALOG_COMPILER_APPICON_NAME = AppIcon;
				ASSETCATALOG_COMPILER_GLOBAL_ACCENT_COLOR_NAME = AccentColor;
				CODE_SIGN_STYLE = Automatic;
				CURRENT_PROJECT_VERSION = 1;
				GENERATE_INFOPLIST_FILE = YES;
				INFOPLIST_FILE = Kiosk/Info.plist;
				INFOPLIST_KEY_UIApplicationSupportsIndirectInputEvents = YES;
				INFOPLIST_KEY_UILaunchStoryboardName = LaunchScreen;
				INFOPLIST_KEY_UIMainStoryboardFile = Main;
				INFOPLIST_KEY_UISupportedInterfaceOrientations_iPad = "UIInterfaceOrientationPortrait UIInterfaceOrientationPortraitUpsideDown UIInterfaceOrientationLandscapeLeft UIInterfaceOrientationLandscapeRight";
				INFOPLIST_KEY_UISupportedInterfaceOrientations_iPhone = "UIInterfaceOrientationPortrait UIInterfaceOrientationLandscapeLeft UIInterfaceOrientationLandscapeRight";
				LD_RUNPATH_SEARCH_PATHS = (
					"$(inherited)",
					"@executable_path/Frameworks",
				);
				MARKETING_VERSION = 1.0;
				PRODUCT_BUNDLE_IDENTIFIER = camp.Kiosk;
				PRODUCT_NAME = "$(TARGET_NAME)";
				SWIFT_EMIT_LOC_STRINGS = YES;
				SWIFT_VERSION = 5.0;
				TARGETED_DEVICE_FAMILY = "1,2";
			};
			name = Debug;
		};
		0082749B2B3BB9DF0070C53D /* Release */ = {
			isa = XCBuildConfiguration;
			buildSettings = {
				ASSETCATALOG_COMPILER_APPICON_NAME = AppIcon;
				ASSETCATALOG_COMPILER_GLOBAL_ACCENT_COLOR_NAME = AccentColor;
				CODE_SIGN_STYLE = Automatic;
				CURRENT_PROJECT_VERSION = 1;
				GENERATE_INFOPLIST_FILE = YES;
				INFOPLIST_FILE = Kiosk/Info.plist;
				INFOPLIST_KEY_UIApplicationSupportsIndirectInputEvents = YES;
				INFOPLIST_KEY_UILaunchStoryboardName = LaunchScreen;
				INFOPLIST_KEY_UIMainStoryboardFile = Main;
				INFOPLIST_KEY_UISupportedInterfaceOrientations_iPad = "UIInterfaceOrientationPortrait UIInterfaceOrientationPortraitUpsideDown UIInterfaceOrientationLandscapeLeft UIInterfaceOrientationLandscapeRight";
				INFOPLIST_KEY_UISupportedInterfaceOrientations_iPhone = "UIInterfaceOrientationPortrait UIInterfaceOrientationLandscapeLeft UIInterfaceOrientationLandscapeRight";
				LD_RUNPATH_SEARCH_PATHS = (
					"$(inherited)",
					"@executable_path/Frameworks",
				);
				MARKETING_VERSION = 1.0;
				PRODUCT_BUNDLE_IDENTIFIER = camp.Kiosk;
				PRODUCT_NAME = "$(TARGET_NAME)";
				SWIFT_EMIT_LOC_STRINGS = YES;
				SWIFT_VERSION = 5.0;
				TARGETED_DEVICE_FAMILY = "1,2";
			};
			name = Release;
		};
/* End XCBuildConfiguration section */

/* Begin XCConfigurationList section */
		008274802B3BB9DE0070C53D /* Build configuration list for PBXProject "Kiosk" */ = {
			isa = XCConfigurationList;
			buildConfigurations = (
				008274972B3BB9DF0070C53D /* Debug */,
				008274982B3BB9DF0070C53D /* Release */,
			);
			defaultConfigurationIsVisible = 0;
			defaultConfigurationName = Release;
		};
		008274992B3BB9DF0070C53D /* Build configuration list for PBXNativeTarget "Kiosk" */ = {
			isa = XCConfigurationList;
			buildConfigurations = (
				0082749A2B3BB9DF0070C53D /* Debug */,
				0082749B2B3BB9DF0070C53D /* Release */,
			);
			defaultConfigurationIsVisible = 0;
			defaultConfigurationName = Release;
		};
/* End XCConfigurationList section */
	};
	rootObject = 0082747D2B3BB9DE0070C53D /* Project object */;
}
